// !$*UTF8*$!
{
	archiveVersion = 1;
	classes = {
	};
	objectVersion = 46;
	objects = {

/* Begin PBXBuildFile section */
		ADDB02871BA132B400A22F16 /* main.m in Sources */ = {isa = PBXBuildFile; fileRef = ADDB02861BA132B400A22F16 /* main.m */; };
		ADDB028A1BA132B400A22F16 /* AppDelegate.m in Sources */ = {isa = PBXBuildFile; fileRef = ADDB02891BA132B400A22F16 /* AppDelegate.m */; };
		ADDB028D1BA132B400A22F16 /* ViewController.m in Sources */ = {isa = PBXBuildFile; fileRef = ADDB028C1BA132B400A22F16 /* ViewController.m */; };
		ADDB02901BA132B400A22F16 /* Main.storyboard in Resources */ = {isa = PBXBuildFile; fileRef = ADDB028E1BA132B400A22F16 /* Main.storyboard */; };
		ADDB02921BA132B400A22F16 /* Images.xcassets in Resources */ = {isa = PBXBuildFile; fileRef = ADDB02911BA132B400A22F16 /* Images.xcassets */; };
		ADDB02951BA132B500A22F16 /* LaunchScreen.xib in Resources */ = {isa = PBXBuildFile; fileRef = ADDB02931BA132B500A22F16 /* LaunchScreen.xib */; };
		ADDB02A11BA132B500A22F16 /* CardGamesTests.m in Sources */ = {isa = PBXBuildFile; fileRef = ADDB02A01BA132B500A22F16 /* CardGamesTests.m */; };
/* End PBXBuildFile section */

/* Begin PBXContainerItemProxy section */
		ADDB029B1BA132B500A22F16 /* PBXContainerItemProxy */ = {
			isa = PBXContainerItemProxy;
			containerPortal = ADDB02791BA132B400A22F16 /* Project object */;
			proxyType = 1;
			remoteGlobalIDString = ADDB02801BA132B400A22F16;
			remoteInfo = CardGames;
		};
/* End PBXContainerItemProxy section */

/* Begin PBXFileReference section */
		ADDB02811BA132B400A22F16 /* CardGames.app */ = {isa = PBXFileReference; explicitFileType = wrapper.application; includeInIndex = 0; path = CardGames.app; sourceTree = BUILT_PRODUCTS_DIR; };
		ADDB02851BA132B400A22F16 /* Info.plist */ = {isa = PBXFileReference; lastKnownFileType = text.plist.xml; path = Info.plist; sourceTree = "<group>"; };
		ADDB02861BA132B400A22F16 /* main.m */ = {isa = PBXFileReference; lastKnownFileType = sourcecode.c.objc; path = main.m; sourceTree = "<group>"; };
		ADDB02881BA132B400A22F16 /* AppDelegate.h */ = {isa = PBXFileReference; lastKnownFileType = sourcecode.c.h; path = AppDelegate.h; sourceTree = "<group>"; };
		ADDB02891BA132B400A22F16 /* AppDelegate.m */ = {isa = PBXFileReference; lastKnownFileType = sourcecode.c.objc; path = AppDelegate.m; sourceTree = "<group>"; };
		ADDB028B1BA132B400A22F16 /* ViewController.h */ = {isa = PBXFileReference; lastKnownFileType = sourcecode.c.h; path = ViewController.h; sourceTree = "<group>"; };
		ADDB028C1BA132B400A22F16 /* ViewController.m */ = {isa = PBXFileReference; lastKnownFileType = sourcecode.c.objc; path = ViewController.m; sourceTree = "<group>"; };
		ADDB028F1BA132B400A22F16 /* Base */ = {isa = PBXFileReference; lastKnownFileType = file.storyboard; name = Base; path = Base.lproj/Main.storyboard; sourceTree = "<group>"; };
		ADDB02911BA132B400A22F16 /* Images.xcassets */ = {isa = PBXFileReference; lastKnownFileType = folder.assetcatalog; path = Images.xcassets; sourceTree = "<group>"; };
		ADDB02941BA132B500A22F16 /* Base */ = {isa = PBXFileReference; lastKnownFileType = file.xib; name = Base; path = Base.lproj/LaunchScreen.xib; sourceTree = "<group>"; };
		ADDB029A1BA132B500A22F16 /* CardGamesTests.xctest */ = {isa = PBXFileReference; explicitFileType = wrapper.cfbundle; includeInIndex = 0; path = CardGamesTests.xctest; sourceTree = BUILT_PRODUCTS_DIR; };
		ADDB029F1BA132B500A22F16 /* Info.plist */ = {isa = PBXFileReference; lastKnownFileType = text.plist.xml; path = Info.plist; sourceTree = "<group>"; };
		ADDB02A01BA132B500A22F16 /* CardGamesTests.m */ = {isa = PBXFileReference; lastKnownFileType = sourcecode.c.objc; path = CardGamesTests.m; sourceTree = "<group>"; };
/* End PBXFileReference section */

/* Begin PBXFrameworksBuildPhase section */
		ADDB027E1BA132B400A22F16 /* Frameworks */ = {
			isa = PBXFrameworksBuildPhase;
			buildActionMask = 2147483647;
			files = (
			);
			runOnlyForDeploymentPostprocessing = 0;
		};
		ADDB02971BA132B500A22F16 /* Frameworks */ = {
			isa = PBXFrameworksBuildPhase;
			buildActionMask = 2147483647;
			files = (
			);
			runOnlyForDeploymentPostprocessing = 0;
		};
/* End PBXFrameworksBuildPhase section */

/* Begin PBXGroup section */
		ADDB02781BA132B400A22F16 = {
			isa = PBXGroup;
			children = (
				ADDB02831BA132B400A22F16 /* CardGames */,
				ADDB029D1BA132B500A22F16 /* CardGamesTests */,
				ADDB02821BA132B400A22F16 /* Products */,
			);
			sourceTree = "<group>";
		};
		ADDB02821BA132B400A22F16 /* Products */ = {
			isa = PBXGroup;
			children = (
				ADDB02811BA132B400A22F16 /* CardGames.app */,
				ADDB029A1BA132B500A22F16 /* CardGamesTests.xctest */,
			);
			name = Products;
			sourceTree = "<group>";
		};
		ADDB02831BA132B400A22F16 /* CardGames */ = {
			isa = PBXGroup;
			children = (
				ADDB02881BA132B400A22F16 /* AppDelegate.h */,
				ADDB02891BA132B400A22F16 /* AppDelegate.m */,
				ADDB028B1BA132B400A22F16 /* ViewController.h */,
				ADDB028C1BA132B400A22F16 /* ViewController.m */,
				ADDB028E1BA132B400A22F16 /* Main.storyboard */,
				ADDB02911BA132B400A22F16 /* Images.xcassets */,
				ADDB02931BA132B500A22F16 /* LaunchScreen.xib */,
				ADDB02841BA132B400A22F16 /* Supporting Files */,
			);
			path = CardGames;
			sourceTree = "<group>";
		};
		ADDB02841BA132B400A22F16 /* Supporting Files */ = {
			isa = PBXGroup;
			children = (
				ADDB02851BA132B400A22F16 /* Info.plist */,
				ADDB02861BA132B400A22F16 /* main.m */,
			);
			name = "Supporting Files";
			sourceTree = "<group>";
		};
		ADDB029D1BA132B500A22F16 /* CardGamesTests */ = {
			isa = PBXGroup;
			children = (
				ADDB02A01BA132B500A22F16 /* CardGamesTests.m */,
				ADDB029E1BA132B500A22F16 /* Supporting Files */,
			);
			path = CardGamesTests;
			sourceTree = "<group>";
		};
		ADDB029E1BA132B500A22F16 /* Supporting Files */ = {
			isa = PBXGroup;
			children = (
				ADDB029F1BA132B500A22F16 /* Info.plist */,
			);
			name = "Supporting Files";
			sourceTree = "<group>";
		};
/* End PBXGroup section */

/* Begin PBXNativeTarget section */
		ADDB02801BA132B400A22F16 /* CardGames */ = {
			isa = PBXNativeTarget;
			buildConfigurationList = ADDB02A41BA132B500A22F16 /* Build configuration list for PBXNativeTarget "CardGames" */;
			buildPhases = (
				ADDB027D1BA132B400A22F16 /* Sources */,
				ADDB027E1BA132B400A22F16 /* Frameworks */,
				ADDB027F1BA132B400A22F16 /* Resources */,
			);
			buildRules = (
			);
			dependencies = (
			);
			name = CardGames;
			productName = CardGames;
			productReference = ADDB02811BA132B400A22F16 /* CardGames.app */;
			productType = "com.apple.product-type.application";
		};
		ADDB02991BA132B500A22F16 /* CardGamesTests */ = {
			isa = PBXNativeTarget;
			buildConfigurationList = ADDB02A71BA132B500A22F16 /* Build configuration list for PBXNativeTarget "CardGamesTests" */;
			buildPhases = (
				ADDB02961BA132B500A22F16 /* Sources */,
				ADDB02971BA132B500A22F16 /* Frameworks */,
				ADDB02981BA132B500A22F16 /* Resources */,
			);
			buildRules = (
			);
			dependencies = (
				ADDB029C1BA132B500A22F16 /* PBXTargetDependency */,
			);
			name = CardGamesTests;
			productName = CardGamesTests;
			productReference = ADDB029A1BA132B500A22F16 /* CardGamesTests.xctest */;
			productType = "com.apple.product-type.bundle.unit-test";
		};
/* End PBXNativeTarget section */

/* Begin PBXProject section */
		ADDB02791BA132B400A22F16 /* Project object */ = {
			isa = PBXProject;
			attributes = {
				LastUpgradeCheck = 0640;
				ORGANIZATIONNAME = guyubin;
				TargetAttributes = {
					ADDB02801BA132B400A22F16 = {
						CreatedOnToolsVersion = 6.4;
					};
					ADDB02991BA132B500A22F16 = {
						CreatedOnToolsVersion = 6.4;
						TestTargetID = ADDB02801BA132B400A22F16;
					};
				};
			};
			buildConfigurationList = ADDB027C1BA132B400A22F16 /* Build configuration list for PBXProject "CardGames" */;
			compatibilityVersion = "Xcode 3.2";
			developmentRegion = English;
			hasScannedForEncodings = 0;
			knownRegions = (
				en,
				Base,
			);
			mainGroup = ADDB02781BA132B400A22F16;
			productRefGroup = ADDB02821BA132B400A22F16 /* Products */;
			projectDirPath = "";
			projectRoot = "";
			targets = (
				ADDB02801BA132B400A22F16 /* CardGames */,
				ADDB02991BA132B500A22F16 /* CardGamesTests */,
			);
		};
/* End PBXProject section */

/* Begin PBXResourcesBuildPhase section */
		ADDB027F1BA132B400A22F16 /* Resources */ = {
			isa = PBXResourcesBuildPhase;
			buildActionMask = 2147483647;
			files = (
				ADDB02901BA132B400A22F16 /* Main.storyboard in Resources */,
				ADDB02951BA132B500A22F16 /* LaunchScreen.xib in Resources */,
				ADDB02921BA132B400A22F16 /* Images.xcassets in Resources */,
			);
			runOnlyForDeploymentPostprocessing = 0;
		};
		ADDB02981BA132B500A22F16 /* Resources */ = {
			isa = PBXResourcesBuildPhase;
			buildActionMask = 2147483647;
			files = (
			);
			runOnlyForDeploymentPostprocessing = 0;
		};
/* End PBXResourcesBuildPhase section */

/* Begin PBXSourcesBuildPhase section */
		ADDB027D1BA132B400A22F16 /* Sources */ = {
			isa = PBXSourcesBuildPhase;
			buildActionMask = 2147483647;
			files = (
				ADDB028D1BA132B400A22F16 /* ViewController.m in Sources */,
				ADDB028A1BA132B400A22F16 /* AppDelegate.m in Sources */,
				ADDB02871BA132B400A22F16 /* main.m in Sources */,
			);
			runOnlyForDeploymentPostprocessing = 0;
		};
		ADDB02961BA132B500A22F16 /* Sources */ = {
			isa = PBXSourcesBuildPhase;
			buildActionMask = 2147483647;
			files = (
				ADDB02A11BA132B500A22F16 /* CardGamesTests.m in Sources */,
			);
			runOnlyForDeploymentPostprocessing = 0;
		};
/* End PBXSourcesBuildPhase section */

/* Begin PBXTargetDependency section */
		ADDB029C1BA132B500A22F16 /* PBXTargetDependency */ = {
			isa = PBXTargetDependency;
			target = ADDB02801BA132B400A22F16 /* CardGames */;
			targetProxy = ADDB029B1BA132B500A22F16 /* PBXContainerItemProxy */;
		};
/* End PBXTargetDependency section */

/* Begin PBXVariantGroup section */
		ADDB028E1BA132B400A22F16 /* Main.storyboard */ = {
			isa = PBXVariantGroup;
			children = (
				ADDB028F1BA132B400A22F16 /* Base */,
			);
			name = Main.storyboard;
			sourceTree = "<group>";
		};
		ADDB02931BA132B500A22F16 /* LaunchScreen.xib */ = {
			isa = PBXVariantGroup;
			children = (
				ADDB02941BA132B500A22F16 /* Base */,
			);
			name = LaunchScreen.xib;
			sourceTree = "<group>";
		};
/* End PBXVariantGroup section */

/* Begin XCBuildConfiguration section */
		ADDB02A21BA132B500A22F16 /* Debug */ = {
			isa = XCBuildConfiguration;
			buildSettings = {
				ALWAYS_SEARCH_USER_PATHS = NO;
				CLANG_CXX_LANGUAGE_STANDARD = "gnu++0x";
				CLANG_CXX_LIBRARY = "libc++";
				CLANG_ENABLE_MODULES = YES;
				CLANG_ENABLE_OBJC_ARC = YES;
				CLANG_WARN_BOOL_CONVERSION = YES;
				CLANG_WARN_CONSTANT_CONVERSION = YES;
				CLANG_WARN_DIRECT_OBJC_ISA_USAGE = YES_ERROR;
				CLANG_WARN_EMPTY_BODY = YES;
				CLANG_WARN_ENUM_CONVERSION = YES;
				CLANG_WARN_INT_CONVERSION = YES;
				CLANG_WARN_OBJC_ROOT_CLASS = YES_ERROR;
				CLANG_WARN_UNREACHABLE_CODE = YES;
				CLANG_WARN__DUPLICATE_METHOD_MATCH = YES;
				"CODE_SIGN_IDENTITY[sdk=iphoneos*]" = "iPhone Developer";
				COPY_PHASE_STRIP = NO;
				DEBUG_INFORMATION_FORMAT = "dwarf-with-dsym";
				ENABLE_STRICT_OBJC_MSGSEND = YES;
				GCC_C_LANGUAGE_STANDARD = gnu99;
				GCC_DYNAMIC_NO_PIC = NO;
				GCC_NO_COMMON_BLOCKS = YES;
				GCC_OPTIMIZATION_LEVEL = 0;
				GCC_PREPROCESSOR_DEFINITIONS = (
					"DEBUG=1",
					"$(inherited)",
				);
				GCC_SYMBOLS_PRIVATE_EXTERN = NO;
				GCC_WARN_64_TO_32_BIT_CONVERSION = YES;
				GCC_WARN_ABOUT_RETURN_TYPE = YES_ERROR;
				GCC_WARN_UNDECLARED_SELECTOR = YES;
				GCC_WARN_UNINITIALIZED_AUTOS = YES_AGGRESSIVE;
				GCC_WARN_UNUSED_FUNCTION = YES;
				GCC_WARN_UNUSED_VARIABLE = YES;
				IPHONEOS_DEPLOYMENT_TARGET = 8.4;
				MTL_ENABLE_DEBUG_INFO = YES;
				ONLY_ACTIVE_ARCH = YES;
				SDKROOT = iphoneos;
			};
			name = Debug;
		};
		ADDB02A31BA132B500A22F16 /* Release */ = {
			isa = XCBuildConfiguration;
			buildSettings = {
				ALWAYS_SEARCH_USER_PATHS = NO;
				CLANG_CXX_LANGUAGE_STANDARD = "gnu++0x";
				CLANG_CXX_LIBRARY = "libc++";
				CLANG_ENABLE_MODULES = YES;
				CLANG_ENABLE_OBJC_ARC = YES;
				CLANG_WARN_BOOL_CONVERSION = YES;
				CLANG_WARN_CONSTANT_CONVERSION = YES;
				CLANG_WARN_DIRECT_OBJC_ISA_USAGE = YES_ERROR;
				CLANG_WARN_EMPTY_BODY = YES;
				CLANG_WARN_ENUM_CONVERSION = YES;
				CLANG_WARN_INT_CONVERSION = YES;
				CLANG_WARN_OBJC_ROOT_CLASS = YES_ERROR;
				CLANG_WARN_UNREACHABLE_CODE = YES;
				CLANG_WARN__DUPLICATE_METHOD_MATCH = YES;
				"CODE_SIGN_IDENTITY[sdk=iphoneos*]" = "iPhone Developer";
				COPY_PHASE_STRIP = NO;
				DEBUG_INFORMATION_FORMAT = "dwarf-with-dsym";
				ENABLE_NS_ASSERTIONS = NO;
				ENABLE_STRICT_OBJC_MSGSEND = YES;
				GCC_C_LANGUAGE_STANDARD = gnu99;
				GCC_NO_COMMON_BLOCKS = YES;
				GCC_WARN_64_TO_32_BIT_CONVERSION = YES;
				GCC_WARN_ABOUT_RETURN_TYPE = YES_ERROR;
				GCC_WARN_UNDECLARED_SELECTOR = YES;
				GCC_WARN_UNINITIALIZED_AUTOS = YES_AGGRESSIVE;
				GCC_WARN_UNUSED_FUNCTION = YES;
				GCC_WARN_UNUSED_VARIABLE = YES;
				IPHONEOS_DEPLOYMENT_TARGET = 8.4;
				MTL_ENABLE_DEBUG_INFO = NO;
				SDKROOT = iphoneos;
				VALIDATE_PRODUCT = YES;
			};
			name = Release;
		};
		ADDB02A51BA132B500A22F16 /* Debug */ = {
			isa = XCBuildConfiguration;
			buildSettings = {
				ASSETCATALOG_COMPILER_APPICON_NAME = AppIcon;
				INFOPLIST_FILE = CardGames/Info.plist;
				LD_RUNPATH_SEARCH_PATHS = "$(inherited) @executable_path/Frameworks";
				PRODUCT_NAME = "$(TARGET_NAME)";
			};
			name = Debug;
		};
		ADDB02A61BA132B500A22F16 /* Release */ = {
			isa = XCBuildConfiguration;
			buildSettings = {
				ASSETCATALOG_COMPILER_APPICON_NAME = AppIcon;
				INFOPLIST_FILE = CardGames/Info.plist;
				LD_RUNPATH_SEARCH_PATHS = "$(inherited) @executable_path/Frameworks";
				PRODUCT_NAME = "$(TARGET_NAME)";
			};
			name = Release;
		};
		ADDB02A81BA132B500A22F16 /* Debug */ = {
			isa = XCBuildConfiguration;
			buildSettings = {
				BUNDLE_LOADER = "$(TEST_HOST)";
				FRAMEWORK_SEARCH_PATHS = (
					"$(SDKROOT)/Developer/Library/Frameworks",
					"$(inherited)",
				);
				GCC_PREPROCESSOR_DEFINITIONS = (
					"DEBUG=1",
					"$(inherited)",
				);
				INFOPLIST_FILE = CardGamesTests/Info.plist;
				LD_RUNPATH_SEARCH_PATHS = "$(inherited) @executable_path/Frameworks @loader_path/Frameworks";
				PRODUCT_NAME = "$(TARGET_NAME)";
				TEST_HOST = "$(BUILT_PRODUCTS_DIR)/CardGames.app/CardGames";
			};
			name = Debug;
		};
		ADDB02A91BA132B500A22F16 /* Release */ = {
			isa = XCBuildConfiguration;
			buildSettings = {
				BUNDLE_LOADER = "$(TEST_HOST)";
				FRAMEWORK_SEARCH_PATHS = (
					"$(SDKROOT)/Developer/Library/Frameworks",
					"$(inherited)",
				);
				INFOPLIST_FILE = CardGamesTests/Info.plist;
				LD_RUNPATH_SEARCH_PATHS = "$(inherited) @executable_path/Frameworks @loader_path/Frameworks";
				PRODUCT_NAME = "$(TARGET_NAME)";
				TEST_HOST = "$(BUILT_PRODUCTS_DIR)/CardGames.app/CardGames";
			};
			name = Release;
		};
/* End XCBuildConfiguration section */

/* Begin XCConfigurationList section */
		ADDB027C1BA132B400A22F16 /* Build configuration list for PBXProject "CardGames" */ = {
			isa = XCConfigurationList;
			buildConfigurations = (
				ADDB02A21BA132B500A22F16 /* Debug */,
				ADDB02A31BA132B500A22F16 /* Release */,
			);
			defaultConfigurationIsVisible = 0;
			defaultConfigurationName = Release;
		};
		ADDB02A41BA132B500A22F16 /* Build configuration list for PBXNativeTarget "CardGames" */ = {
			isa = XCConfigurationList;
			buildConfigurations = (
				ADDB02A51BA132B500A22F16 /* Debug */,
				ADDB02A61BA132B500A22F16 /* Release */,
			);
			defaultConfigurationIsVisible = 0;
		};
		ADDB02A71BA132B500A22F16 /* Build configuration list for PBXNativeTarget "CardGamesTests" */ = {
			isa = XCConfigurationList;
			buildConfigurations = (
				ADDB02A81BA132B500A22F16 /* Debug */,
				ADDB02A91BA132B500A22F16 /* Release */,
			);
			defaultConfigurationIsVisible = 0;
		};
/* End XCConfigurationList section */
	};
	rootObject = ADDB02791BA132B400A22F16 /* Project object */;
}
