// !$*UTF8*$!
{
	archiveVersion = 1;
	classes = {
	};
	objectVersion = 46;
	objects = {

/* Begin PBXBuildFile section */
		ADA737881BAD5C3600BA288F /* main.m in Sources */ = {isa = PBXBuildFile; fileRef = ADA737871BAD5C3600BA288F /* main.m */; };
		ADA737901BAD5DD500BA288F /* LRC.m in Sources */ = {isa = PBXBuildFile; fileRef = ADA7378F1BAD5DD500BA288F /* LRC.m */; };
		ADA737931BAD5DE200BA288F /* Manage.m in Sources */ = {isa = PBXBuildFile; fileRef = ADA737921BAD5DE200BA288F /* Manage.m */; };
		ADA737961BAD693500BA288F /* RegHelper.m in Sources */ = {isa = PBXBuildFile; fileRef = ADA737951BAD693500BA288F /* RegHelper.m */; };
/* End PBXBuildFile section */

/* Begin PBXCopyFilesBuildPhase section */
		ADA737821BAD5C3600BA288F /* CopyFiles */ = {
			isa = PBXCopyFilesBuildPhase;
			buildActionMask = 2147483647;
			dstPath = /usr/share/man/man1/;
			dstSubfolderSpec = 0;
			files = (
			);
			runOnlyForDeploymentPostprocessing = 1;
		};
/* End PBXCopyFilesBuildPhase section */

/* Begin PBXFileReference section */
		ADA737841BAD5C3600BA288F /* homework09_19 */ = {isa = PBXFileReference; explicitFileType = "compiled.mach-o.executable"; includeInIndex = 0; path = homework09_19; sourceTree = BUILT_PRODUCTS_DIR; };
		ADA737871BAD5C3600BA288F /* main.m */ = {isa = PBXFileReference; lastKnownFileType = sourcecode.c.objc; path = main.m; sourceTree = "<group>"; };
		ADA7378E1BAD5DD500BA288F /* LRC.h */ = {isa = PBXFileReference; fileEncoding = 4; lastKnownFileType = sourcecode.c.h; path = LRC.h; sourceTree = "<group>"; };
		ADA7378F1BAD5DD500BA288F /* LRC.m */ = {isa = PBXFileReference; fileEncoding = 4; lastKnownFileType = sourcecode.c.objc; path = LRC.m; sourceTree = "<group>"; };
		ADA737911BAD5DE200BA288F /* Manage.h */ = {isa = PBXFileReference; fileEncoding = 4; lastKnownFileType = sourcecode.c.h; path = Manage.h; sourceTree = "<group>"; };
		ADA737921BAD5DE200BA288F /* Manage.m */ = {isa = PBXFileReference; fileEncoding = 4; lastKnownFileType = sourcecode.c.objc; path = Manage.m; sourceTree = "<group>"; };
		ADA737941BAD693500BA288F /* RegHelper.h */ = {isa = PBXFileReference; fileEncoding = 4; lastKnownFileType = sourcecode.c.h; path = RegHelper.h; sourceTree = SOURCE_ROOT; };
		ADA737951BAD693500BA288F /* RegHelper.m */ = {isa = PBXFileReference; fileEncoding = 4; lastKnownFileType = sourcecode.c.objc; path = RegHelper.m; sourceTree = SOURCE_ROOT; };
/* End PBXFileReference section */

/* Begin PBXFrameworksBuildPhase section */
		ADA737811BAD5C3600BA288F /* Frameworks */ = {
			isa = PBXFrameworksBuildPhase;
			buildActionMask = 2147483647;
			files = (
			);
			runOnlyForDeploymentPostprocessing = 0;
		};
/* End PBXFrameworksBuildPhase section */

/* Begin PBXGroup section */
		ADA7377B1BAD5C3600BA288F = {
			isa = PBXGroup;
			children = (
				ADA737861BAD5C3600BA288F /* homework09_19 */,
				ADA737851BAD5C3600BA288F /* Products */,
			);
			sourceTree = "<group>";
		};
		ADA737851BAD5C3600BA288F /* Products */ = {
			isa = PBXGroup;
			children = (
				ADA737841BAD5C3600BA288F /* homework09_19 */,
			);
			name = Products;
			sourceTree = "<group>";
		};
		ADA737861BAD5C3600BA288F /* homework09_19 */ = {
			isa = PBXGroup;
			children = (
				ADA737871BAD5C3600BA288F /* main.m */,
				ADA7378E1BAD5DD500BA288F /* LRC.h */,
				ADA7378F1BAD5DD500BA288F /* LRC.m */,
				ADA737911BAD5DE200BA288F /* Manage.h */,
				ADA737941BAD693500BA288F /* RegHelper.h */,
				ADA737951BAD693500BA288F /* RegHelper.m */,
				ADA737921BAD5DE200BA288F /* Manage.m */,
			);
			path = homework09_19;
			sourceTree = "<group>";
		};
/* End PBXGroup section */

/* Begin PBXNativeTarget section */
		ADA737831BAD5C3600BA288F /* homework09_19 */ = {
			isa = PBXNativeTarget;
			buildConfigurationList = ADA7378B1BAD5C3600BA288F /* Build configuration list for PBXNativeTarget "homework09_19" */;
			buildPhases = (
				ADA737801BAD5C3600BA288F /* Sources */,
				ADA737811BAD5C3600BA288F /* Frameworks */,
				ADA737821BAD5C3600BA288F /* CopyFiles */,
			);
			buildRules = (
			);
			dependencies = (
			);
			name = homework09_19;
			productName = homework09_19;
			productReference = ADA737841BAD5C3600BA288F /* homework09_19 */;
			productType = "com.apple.product-type.tool";
		};
/* End PBXNativeTarget section */

/* Begin PBXProject section */
		ADA7377C1BAD5C3600BA288F /* Project object */ = {
			isa = PBXProject;
			attributes = {
				LastUpgradeCheck = 0640;
				ORGANIZATIONNAME = guyubin;
				TargetAttributes = {
					ADA737831BAD5C3600BA288F = {
						CreatedOnToolsVersion = 6.4;
					};
				};
			};
			buildConfigurationList = ADA7377F1BAD5C3600BA288F /* Build configuration list for PBXProject "homework09_19" */;
			compatibilityVersion = "Xcode 3.2";
			developmentRegion = English;
			hasScannedForEncodings = 0;
			knownRegions = (
				en,
			);
			mainGroup = ADA7377B1BAD5C3600BA288F;
			productRefGroup = ADA737851BAD5C3600BA288F /* Products */;
			projectDirPath = "";
			projectRoot = "";
			targets = (
				ADA737831BAD5C3600BA288F /* homework09_19 */,
			);
		};
/* End PBXProject section */

/* Begin PBXSourcesBuildPhase section */
		ADA737801BAD5C3600BA288F /* Sources */ = {
			isa = PBXSourcesBuildPhase;
			buildActionMask = 2147483647;
			files = (
				ADA737961BAD693500BA288F /* RegHelper.m in Sources */,
				ADA737881BAD5C3600BA288F /* main.m in Sources */,
				ADA737931BAD5DE200BA288F /* Manage.m in Sources */,
				ADA737901BAD5DD500BA288F /* LRC.m in Sources */,
			);
			runOnlyForDeploymentPostprocessing = 0;
		};
/* End PBXSourcesBuildPhase section */

/* Begin XCBuildConfiguration section */
		ADA737891BAD5C3600BA288F /* Debug */ = {
			isa = XCBuildConfiguration;
			buildSettings = {
				ALWAYS_SEARCH_USER_PATHS = NO;
				CLANG_CXX_LANGUAGE_STANDARD = "gnu++0x";
				CLANG_CXX_LIBRARY = "libc++";
				CLANG_ENABLE_MODULES = YES;
				CLANG_ENABLE_OBJC_ARC = YES;
				CLANG_WARN_BOOL_CONVERSION = YES;
				CLANG_WARN_CONSTANT_CONVERSION = YES;
				CLANG_WARN_DIRECT_OBJC_ISA_USAGE = YES_ERROR;
				CLANG_WARN_EMPTY_BODY = YES;
				CLANG_WARN_ENUM_CONVERSION = YES;
				CLANG_WARN_INT_CONVERSION = YES;
				CLANG_WARN_OBJC_ROOT_CLASS = YES_ERROR;
				CLANG_WARN_UNREACHABLE_CODE = YES;
				CLANG_WARN__DUPLICATE_METHOD_MATCH = YES;
				COPY_PHASE_STRIP = NO;
				DEBUG_INFORMATION_FORMAT = dwarf;
				ENABLE_STRICT_OBJC_MSGSEND = YES;
				GCC_C_LANGUAGE_STANDARD = gnu99;
				GCC_DYNAMIC_NO_PIC = NO;
				GCC_NO_COMMON_BLOCKS = YES;
				GCC_OPTIMIZATION_LEVEL = 0;
				GCC_PREPROCESSOR_DEFINITIONS = (
					"DEBUG=1",
					"$(inherited)",
				);
				GCC_SYMBOLS_PRIVATE_EXTERN = NO;
				GCC_WARN_64_TO_32_BIT_CONVERSION = YES;
				GCC_WARN_ABOUT_RETURN_TYPE = YES_ERROR;
				GCC_WARN_UNDECLARED_SELECTOR = YES;
				GCC_WARN_UNINITIALIZED_AUTOS = YES_AGGRESSIVE;
				GCC_WARN_UNUSED_FUNCTION = YES;
				GCC_WARN_UNUSED_VARIABLE = YES;
				MACOSX_DEPLOYMENT_TARGET = 10.10;
				MTL_ENABLE_DEBUG_INFO = YES;
				ONLY_ACTIVE_ARCH = YES;
				SDKROOT = macosx;
			};
			name = Debug;
		};
		ADA7378A1BAD5C3600BA288F /* Release */ = {
			isa = XCBuildConfiguration;
			buildSettings = {
				ALWAYS_SEARCH_USER_PATHS = NO;
				CLANG_CXX_LANGUAGE_STANDARD = "gnu++0x";
				CLANG_CXX_LIBRARY = "libc++";
				CLANG_ENABLE_MODULES = YES;
				CLANG_ENABLE_OBJC_ARC = YES;
				CLANG_WARN_BOOL_CONVERSION = YES;
				CLANG_WARN_CONSTANT_CONVERSION = YES;
				CLANG_WARN_DIRECT_OBJC_ISA_USAGE = YES_ERROR;
				CLANG_WARN_EMPTY_BODY = YES;
				CLANG_WARN_ENUM_CONVERSION = YES;
				CLANG_WARN_INT_CONVERSION = YES;
				CLANG_WARN_OBJC_ROOT_CLASS = YES_ERROR;
				CLANG_WARN_UNREACHABLE_CODE = YES;
				CLANG_WARN__DUPLICATE_METHOD_MATCH = YES;
				COPY_PHASE_STRIP = NO;
				DEBUG_INFORMATION_FORMAT = "dwarf-with-dsym";
				ENABLE_NS_ASSERTIONS = NO;
				ENABLE_STRICT_OBJC_MSGSEND = YES;
				GCC_C_LANGUAGE_STANDARD = gnu99;
				GCC_NO_COMMON_BLOCKS = YES;
				GCC_WARN_64_TO_32_BIT_CONVERSION = YES;
				GCC_WARN_ABOUT_RETURN_TYPE = YES_ERROR;
				GCC_WARN_UNDECLARED_SELECTOR = YES;
				GCC_WARN_UNINITIALIZED_AUTOS = YES_AGGRESSIVE;
				GCC_WARN_UNUSED_FUNCTION = YES;
				GCC_WARN_UNUSED_VARIABLE = YES;
				MACOSX_DEPLOYMENT_TARGET = 10.10;
				MTL_ENABLE_DEBUG_INFO = NO;
				SDKROOT = macosx;
			};
			name = Release;
		};
		ADA7378C1BAD5C3600BA288F /* Debug */ = {
			isa = XCBuildConfiguration;
			buildSettings = {
				PRODUCT_NAME = "$(TARGET_NAME)";
			};
			name = Debug;
		};
		ADA7378D1BAD5C3600BA288F /* Release */ = {
			isa = XCBuildConfiguration;
			buildSettings = {
				PRODUCT_NAME = "$(TARGET_NAME)";
			};
			name = Release;
		};
/* End XCBuildConfiguration section */

/* Begin XCConfigurationList section */
		ADA7377F1BAD5C3600BA288F /* Build configuration list for PBXProject "homework09_19" */ = {
			isa = XCConfigurationList;
			buildConfigurations = (
				ADA737891BAD5C3600BA288F /* Debug */,
				ADA7378A1BAD5C3600BA288F /* Release */,
			);
			defaultConfigurationIsVisible = 0;
			defaultConfigurationName = Release;
		};
		ADA7378B1BAD5C3600BA288F /* Build configuration list for PBXNativeTarget "homework09_19" */ = {
			isa = XCConfigurationList;
			buildConfigurations = (
				ADA7378C1BAD5C3600BA288F /* Debug */,
				ADA7378D1BAD5C3600BA288F /* Release */,
			);
			defaultConfigurationIsVisible = 0;
		};
/* End XCConfigurationList section */
	};
	rootObject = ADA7377C1BAD5C3600BA288F /* Project object */;
}
